// !$*UTF8*$!
{
	archiveVersion = 1;
	classes = {
	};
	objectVersion = 51;
	objects = {

/* Begin PBXBuildFile section */
		11EB3301102AA98B62175EF1 /* Pods_kudaGoSpb.framework in Frameworks */ = {isa = PBXBuildFile; fileRef = B12007DF5D47238C35699641 /* Pods_kudaGoSpb.framework */; };
		31157E662663C8D700305C88 /* Router.swift in Sources */ = {isa = PBXBuildFile; fileRef = 31157E652663C8D700305C88 /* Router.swift */; };
		31157E6A2664DFAA00305C88 /* OnboardingPresentor.swift in Sources */ = {isa = PBXBuildFile; fileRef = 31157E692664DFAA00305C88 /* OnboardingPresentor.swift */; };
		31D2A4AE265149B2005C9C8D /* AppDelegate.swift in Sources */ = {isa = PBXBuildFile; fileRef = 31D2A4AD265149B2005C9C8D /* AppDelegate.swift */; };
		31D2A4B0265149B2005C9C8D /* SceneDelegate.swift in Sources */ = {isa = PBXBuildFile; fileRef = 31D2A4AF265149B2005C9C8D /* SceneDelegate.swift */; };
		31D2A4B2265149B2005C9C8D /* ViewController.swift in Sources */ = {isa = PBXBuildFile; fileRef = 31D2A4B1265149B2005C9C8D /* ViewController.swift */; };
		31D2A4B7265149B3005C9C8D /* Assets.xcassets in Resources */ = {isa = PBXBuildFile; fileRef = 31D2A4B6265149B3005C9C8D /* Assets.xcassets */; };
		31D2A4BA265149B3005C9C8D /* LaunchScreen.storyboard in Resources */ = {isa = PBXBuildFile; fileRef = 31D2A4B8265149B3005C9C8D /* LaunchScreen.storyboard */; };
		31D2ED032652CC290020F0F1 /* AppEndPoint.swift in Sources */ = {isa = PBXBuildFile; fileRef = 31D2ED022652CC290020F0F1 /* AppEndPoint.swift */; };
		31D2ED052652CF100020F0F1 /* NetworkManager.swift in Sources */ = {isa = PBXBuildFile; fileRef = 31D2ED042652CF100020F0F1 /* NetworkManager.swift */; };
		31D2ED072652F5850020F0F1 /* EventsModel.swift in Sources */ = {isa = PBXBuildFile; fileRef = 31D2ED062652F5850020F0F1 /* EventsModel.swift */; };
		31D2ED0A265402350020F0F1 /* OnboardingViewController.swift in Sources */ = {isa = PBXBuildFile; fileRef = 31D2ED08265402350020F0F1 /* OnboardingViewController.swift */; };
		31D2ED0B265402350020F0F1 /* OnboardingViewController.xib in Resources */ = {isa = PBXBuildFile; fileRef = 31D2ED09265402350020F0F1 /* OnboardingViewController.xib */; };
		31D2ED0E265402CE0020F0F1 /* OnboardingLocationTableViewCell.swift in Sources */ = {isa = PBXBuildFile; fileRef = 31D2ED0C265402CE0020F0F1 /* OnboardingLocationTableViewCell.swift */; };
		31D2ED0F265402CE0020F0F1 /* OnboardingLocationTableViewCell.xib in Resources */ = {isa = PBXBuildFile; fileRef = 31D2ED0D265402CE0020F0F1 /* OnboardingLocationTableViewCell.xib */; };
		31F4F4BE266278F4008773CE /* OnboardingModel.swift in Sources */ = {isa = PBXBuildFile; fileRef = 31F4F4BD266278F4008773CE /* OnboardingModel.swift */; };
/* End PBXBuildFile section */

/* Begin PBXFileReference section */
		31157E652663C8D700305C88 /* Router.swift */ = {isa = PBXFileReference; lastKnownFileType = sourcecode.swift; path = Router.swift; sourceTree = "<group>"; };
		31157E692664DFAA00305C88 /* OnboardingPresentor.swift */ = {isa = PBXFileReference; lastKnownFileType = sourcecode.swift; path = OnboardingPresentor.swift; sourceTree = "<group>"; };
		31D2A4AA265149B2005C9C8D /* kudaGoSpb.app */ = {isa = PBXFileReference; explicitFileType = wrapper.application; includeInIndex = 0; path = kudaGoSpb.app; sourceTree = BUILT_PRODUCTS_DIR; };
		31D2A4AD265149B2005C9C8D /* AppDelegate.swift */ = {isa = PBXFileReference; lastKnownFileType = sourcecode.swift; path = AppDelegate.swift; sourceTree = "<group>"; };
		31D2A4AF265149B2005C9C8D /* SceneDelegate.swift */ = {isa = PBXFileReference; lastKnownFileType = sourcecode.swift; path = SceneDelegate.swift; sourceTree = "<group>"; };
		31D2A4B1265149B2005C9C8D /* ViewController.swift */ = {isa = PBXFileReference; lastKnownFileType = sourcecode.swift; path = ViewController.swift; sourceTree = "<group>"; };
		31D2A4B6265149B3005C9C8D /* Assets.xcassets */ = {isa = PBXFileReference; lastKnownFileType = folder.assetcatalog; path = Assets.xcassets; sourceTree = "<group>"; };
		31D2A4B9265149B3005C9C8D /* Base */ = {isa = PBXFileReference; lastKnownFileType = file.storyboard; name = Base; path = Base.lproj/LaunchScreen.storyboard; sourceTree = "<group>"; };
		31D2A4BB265149B3005C9C8D /* Info.plist */ = {isa = PBXFileReference; lastKnownFileType = text.plist.xml; path = Info.plist; sourceTree = "<group>"; };
		31D2ED022652CC290020F0F1 /* AppEndPoint.swift */ = {isa = PBXFileReference; lastKnownFileType = sourcecode.swift; path = AppEndPoint.swift; sourceTree = "<group>"; };
		31D2ED042652CF100020F0F1 /* NetworkManager.swift */ = {isa = PBXFileReference; lastKnownFileType = sourcecode.swift; path = NetworkManager.swift; sourceTree = "<group>"; };
		31D2ED062652F5850020F0F1 /* EventsModel.swift */ = {isa = PBXFileReference; lastKnownFileType = sourcecode.swift; path = EventsModel.swift; sourceTree = "<group>"; };
		31D2ED08265402350020F0F1 /* OnboardingViewController.swift */ = {isa = PBXFileReference; lastKnownFileType = sourcecode.swift; path = OnboardingViewController.swift; sourceTree = "<group>"; };
		31D2ED09265402350020F0F1 /* OnboardingViewController.xib */ = {isa = PBXFileReference; lastKnownFileType = file.xib; path = OnboardingViewController.xib; sourceTree = "<group>"; };
		31D2ED0C265402CE0020F0F1 /* OnboardingLocationTableViewCell.swift */ = {isa = PBXFileReference; lastKnownFileType = sourcecode.swift; path = OnboardingLocationTableViewCell.swift; sourceTree = "<group>"; };
		31D2ED0D265402CE0020F0F1 /* OnboardingLocationTableViewCell.xib */ = {isa = PBXFileReference; lastKnownFileType = file.xib; path = OnboardingLocationTableViewCell.xib; sourceTree = "<group>"; };
		31F4F4BD266278F4008773CE /* OnboardingModel.swift */ = {isa = PBXFileReference; lastKnownFileType = sourcecode.swift; path = OnboardingModel.swift; sourceTree = "<group>"; };
		A4D209BD74AEB8202EFFD115 /* Pods-kudaGoSpb.release.xcconfig */ = {isa = PBXFileReference; includeInIndex = 1; lastKnownFileType = text.xcconfig; name = "Pods-kudaGoSpb.release.xcconfig"; path = "Target Support Files/Pods-kudaGoSpb/Pods-kudaGoSpb.release.xcconfig"; sourceTree = "<group>"; };
		B12007DF5D47238C35699641 /* Pods_kudaGoSpb.framework */ = {isa = PBXFileReference; explicitFileType = wrapper.framework; includeInIndex = 0; path = Pods_kudaGoSpb.framework; sourceTree = BUILT_PRODUCTS_DIR; };
		C75392590B90D1CBD42A17FE /* Pods-kudaGoSpb.debug.xcconfig */ = {isa = PBXFileReference; includeInIndex = 1; lastKnownFileType = text.xcconfig; name = "Pods-kudaGoSpb.debug.xcconfig"; path = "Target Support Files/Pods-kudaGoSpb/Pods-kudaGoSpb.debug.xcconfig"; sourceTree = "<group>"; };
/* End PBXFileReference section */

/* Begin PBXFrameworksBuildPhase section */
		31D2A4A7265149B1005C9C8D /* Frameworks */ = {
			isa = PBXFrameworksBuildPhase;
			buildActionMask = 2147483647;
			files = (
				11EB3301102AA98B62175EF1 /* Pods_kudaGoSpb.framework in Frameworks */,
			);
			runOnlyForDeploymentPostprocessing = 0;
		};
/* End PBXFrameworksBuildPhase section */

/* Begin PBXGroup section */
		31D2A4A1265149B1005C9C8D = {
			isa = PBXGroup;
			children = (
				31D2A4AC265149B2005C9C8D /* kudaGoSpb */,
				31D2A4AB265149B2005C9C8D /* Products */,
				6F5D5C948FB45E7C899140B5 /* Pods */,
				74A69075B69F036D6DAB1C2B /* Frameworks */,
			);
			sourceTree = "<group>";
		};
		31D2A4AB265149B2005C9C8D /* Products */ = {
			isa = PBXGroup;
			children = (
				31D2A4AA265149B2005C9C8D /* kudaGoSpb.app */,
			);
			name = Products;
			sourceTree = "<group>";
		};
		31D2A4AC265149B2005C9C8D /* kudaGoSpb */ = {
			isa = PBXGroup;
			children = (
				31D2A4AD265149B2005C9C8D /* AppDelegate.swift */,
				31D2A4AF265149B2005C9C8D /* SceneDelegate.swift */,
				31D2A4B1265149B2005C9C8D /* ViewController.swift */,
				31157E652663C8D700305C88 /* Router.swift */,
				31D2ED022652CC290020F0F1 /* AppEndPoint.swift */,
				31D2ED042652CF100020F0F1 /* NetworkManager.swift */,
				31F4F4AB265EC255008773CE /* Onboarding */,
				31D2ED062652F5850020F0F1 /* EventsModel.swift */,
				31D2A4B6265149B3005C9C8D /* Assets.xcassets */,
				31D2A4B8265149B3005C9C8D /* LaunchScreen.storyboard */,
				31D2A4BB265149B3005C9C8D /* Info.plist */,
			);
			path = kudaGoSpb;
			sourceTree = "<group>";
		};
		31F4F4AB265EC255008773CE /* Onboarding */ = {
			isa = PBXGroup;
			children = (
				31F4F4BD266278F4008773CE /* OnboardingModel.swift */,
				31157E692664DFAA00305C88 /* OnboardingPresentor.swift */,
				31D2ED08265402350020F0F1 /* OnboardingViewController.swift */,
				31D2ED09265402350020F0F1 /* OnboardingViewController.xib */,
				31D2ED0C265402CE0020F0F1 /* OnboardingLocationTableViewCell.swift */,
				31D2ED0D265402CE0020F0F1 /* OnboardingLocationTableViewCell.xib */,
			);
			name = Onboarding;
			path = ../Onboarding;
			sourceTree = "<group>";
		};
		6F5D5C948FB45E7C899140B5 /* Pods */ = {
			isa = PBXGroup;
			children = (
				C75392590B90D1CBD42A17FE /* Pods-kudaGoSpb.debug.xcconfig */,
				A4D209BD74AEB8202EFFD115 /* Pods-kudaGoSpb.release.xcconfig */,
			);
			path = Pods;
			sourceTree = "<group>";
		};
		74A69075B69F036D6DAB1C2B /* Frameworks */ = {
			isa = PBXGroup;
			children = (
				B12007DF5D47238C35699641 /* Pods_kudaGoSpb.framework */,
			);
			name = Frameworks;
			sourceTree = "<group>";
		};
/* End PBXGroup section */

/* Begin PBXNativeTarget section */
		31D2A4A9265149B1005C9C8D /* kudaGoSpb */ = {
			isa = PBXNativeTarget;
			buildConfigurationList = 31D2A4BE265149B3005C9C8D /* Build configuration list for PBXNativeTarget "kudaGoSpb" */;
			buildPhases = (
				309BEE179BF318E17896805F /* [CP] Check Pods Manifest.lock */,
				31D2A4A6265149B1005C9C8D /* Sources */,
				31D2A4A7265149B1005C9C8D /* Frameworks */,
				31D2A4A8265149B1005C9C8D /* Resources */,
				BF82CA3EBC743862E0AF8204 /* [CP] Embed Pods Frameworks */,
			);
			buildRules = (
			);
			dependencies = (
			);
			name = kudaGoSpb;
			productName = kudaGoSpb;
			productReference = 31D2A4AA265149B2005C9C8D /* kudaGoSpb.app */;
			productType = "com.apple.product-type.application";
		};
/* End PBXNativeTarget section */

/* Begin PBXProject section */
		31D2A4A2265149B1005C9C8D /* Project object */ = {
			isa = PBXProject;
			attributes = {
				LastSwiftUpdateCheck = 1250;
				LastUpgradeCheck = 1250;
				TargetAttributes = {
					31D2A4A9265149B1005C9C8D = {
						CreatedOnToolsVersion = 12.5;
					};
				};
			};
			buildConfigurationList = 31D2A4A5265149B1005C9C8D /* Build configuration list for PBXProject "kudaGoSpb" */;
			compatibilityVersion = "Xcode 9.3";
			developmentRegion = en;
			hasScannedForEncodings = 0;
			knownRegions = (
				en,
				Base,
			);
			mainGroup = 31D2A4A1265149B1005C9C8D;
			productRefGroup = 31D2A4AB265149B2005C9C8D /* Products */;
			projectDirPath = "";
			projectRoot = "";
			targets = (
				31D2A4A9265149B1005C9C8D /* kudaGoSpb */,
			);
		};
/* End PBXProject section */

/* Begin PBXResourcesBuildPhase section */
		31D2A4A8265149B1005C9C8D /* Resources */ = {
			isa = PBXResourcesBuildPhase;
			buildActionMask = 2147483647;
			files = (
				31D2A4BA265149B3005C9C8D /* LaunchScreen.storyboard in Resources */,
				31D2A4B7265149B3005C9C8D /* Assets.xcassets in Resources */,
				31D2ED0B265402350020F0F1 /* OnboardingViewController.xib in Resources */,
				31D2ED0F265402CE0020F0F1 /* OnboardingLocationTableViewCell.xib in Resources */,
			);
			runOnlyForDeploymentPostprocessing = 0;
		};
/* End PBXResourcesBuildPhase section */

/* Begin PBXShellScriptBuildPhase section */
		309BEE179BF318E17896805F /* [CP] Check Pods Manifest.lock */ = {
			isa = PBXShellScriptBuildPhase;
			buildActionMask = 2147483647;
			files = (
			);
			inputFileListPaths = (
			);
			inputPaths = (
				"${PODS_PODFILE_DIR_PATH}/Podfile.lock",
				"${PODS_ROOT}/Manifest.lock",
			);
			name = "[CP] Check Pods Manifest.lock";
			outputFileListPaths = (
			);
			outputPaths = (
				"$(DERIVED_FILE_DIR)/Pods-kudaGoSpb-checkManifestLockResult.txt",
			);
			runOnlyForDeploymentPostprocessing = 0;
			shellPath = /bin/sh;
			shellScript = "diff \"${PODS_PODFILE_DIR_PATH}/Podfile.lock\" \"${PODS_ROOT}/Manifest.lock\" > /dev/null\nif [ $? != 0 ] ; then\n    # print error to STDERR\n    echo \"error: The sandbox is not in sync with the Podfile.lock. Run 'pod install' or update your CocoaPods installation.\" >&2\n    exit 1\nfi\n# This output is used by Xcode 'outputs' to avoid re-running this script phase.\necho \"SUCCESS\" > \"${SCRIPT_OUTPUT_FILE_0}\"\n";
			showEnvVarsInLog = 0;
		};
		BF82CA3EBC743862E0AF8204 /* [CP] Embed Pods Frameworks */ = {
			isa = PBXShellScriptBuildPhase;
			buildActionMask = 2147483647;
			files = (
			);
			inputFileListPaths = (
				"${PODS_ROOT}/Target Support Files/Pods-kudaGoSpb/Pods-kudaGoSpb-frameworks-${CONFIGURATION}-input-files.xcfilelist",
			);
			name = "[CP] Embed Pods Frameworks";
			outputFileListPaths = (
				"${PODS_ROOT}/Target Support Files/Pods-kudaGoSpb/Pods-kudaGoSpb-frameworks-${CONFIGURATION}-output-files.xcfilelist",
			);
			runOnlyForDeploymentPostprocessing = 0;
			shellPath = /bin/sh;
			shellScript = "\"${PODS_ROOT}/Target Support Files/Pods-kudaGoSpb/Pods-kudaGoSpb-frameworks.sh\"\n";
			showEnvVarsInLog = 0;
		};
/* End PBXShellScriptBuildPhase section */

/* Begin PBXSourcesBuildPhase section */
		31D2A4A6265149B1005C9C8D /* Sources */ = {
			isa = PBXSourcesBuildPhase;
			buildActionMask = 2147483647;
			files = (
				31F4F4BE266278F4008773CE /* OnboardingModel.swift in Sources */,
				31D2ED052652CF100020F0F1 /* NetworkManager.swift in Sources */,
				31D2ED072652F5850020F0F1 /* EventsModel.swift in Sources */,
				31D2ED0A265402350020F0F1 /* OnboardingViewController.swift in Sources */,
				31D2ED0E265402CE0020F0F1 /* OnboardingLocationTableViewCell.swift in Sources */,
				31D2A4B2265149B2005C9C8D /* ViewController.swift in Sources */,
				31157E6A2664DFAA00305C88 /* OnboardingPresentor.swift in Sources */,
				31D2A4AE265149B2005C9C8D /* AppDelegate.swift in Sources */,
				31D2ED032652CC290020F0F1 /* AppEndPoint.swift in Sources */,
				31D2A4B0265149B2005C9C8D /* SceneDelegate.swift in Sources */,
				31157E662663C8D700305C88 /* Router.swift in Sources */,
			);
			runOnlyForDeploymentPostprocessing = 0;
		};
/* End PBXSourcesBuildPhase section */

/* Begin PBXVariantGroup section */
		31D2A4B8265149B3005C9C8D /* LaunchScreen.storyboard */ = {
			isa = PBXVariantGroup;
			children = (
				31D2A4B9265149B3005C9C8D /* Base */,
			);
			name = LaunchScreen.storyboard;
			sourceTree = "<group>";
		};
/* End PBXVariantGroup section */

/* Begin XCBuildConfiguration section */
		31D2A4BC265149B3005C9C8D /* Debug */ = {
			isa = XCBuildConfiguration;
			buildSettings = {
				ALWAYS_SEARCH_USER_PATHS = NO;
				CLANG_ANALYZER_NONNULL = YES;
				CLANG_ANALYZER_NUMBER_OBJECT_CONVERSION = YES_AGGRESSIVE;
				CLANG_CXX_LANGUAGE_STANDARD = "gnu++14";
				CLANG_CXX_LIBRARY = "libc++";
				CLANG_ENABLE_MODULES = YES;
				CLANG_ENABLE_OBJC_ARC = YES;
				CLANG_ENABLE_OBJC_WEAK = YES;
				CLANG_WARN_BLOCK_CAPTURE_AUTORELEASING = YES;
				CLANG_WARN_BOOL_CONVERSION = YES;
				CLANG_WARN_COMMA = YES;
				CLANG_WARN_CONSTANT_CONVERSION = YES;
				CLANG_WARN_DEPRECATED_OBJC_IMPLEMENTATIONS = YES;
				CLANG_WARN_DIRECT_OBJC_ISA_USAGE = YES_ERROR;
				CLANG_WARN_DOCUMENTATION_COMMENTS = YES;
				CLANG_WARN_EMPTY_BODY = YES;
				CLANG_WARN_ENUM_CONVERSION = YES;
				CLANG_WARN_INFINITE_RECURSION = YES;
				CLANG_WARN_INT_CONVERSION = YES;
				CLANG_WARN_NON_LITERAL_NULL_CONVERSION = YES;
				CLANG_WARN_OBJC_IMPLICIT_RETAIN_SELF = YES;
				CLANG_WARN_OBJC_LITERAL_CONVERSION = YES;
				CLANG_WARN_OBJC_ROOT_CLASS = YES_ERROR;
				CLANG_WARN_QUOTED_INCLUDE_IN_FRAMEWORK_HEADER = YES;
				CLANG_WARN_RANGE_LOOP_ANALYSIS = YES;
				CLANG_WARN_STRICT_PROTOTYPES = YES;
				CLANG_WARN_SUSPICIOUS_MOVE = YES;
				CLANG_WARN_UNGUARDED_AVAILABILITY = YES_AGGRESSIVE;
				CLANG_WARN_UNREACHABLE_CODE = YES;
				CLANG_WARN__DUPLICATE_METHOD_MATCH = YES;
				COPY_PHASE_STRIP = NO;
				DEBUG_INFORMATION_FORMAT = dwarf;
				ENABLE_STRICT_OBJC_MSGSEND = YES;
				ENABLE_TESTABILITY = YES;
				GCC_C_LANGUAGE_STANDARD = gnu11;
				GCC_DYNAMIC_NO_PIC = NO;
				GCC_NO_COMMON_BLOCKS = YES;
				GCC_OPTIMIZATION_LEVEL = 0;
				GCC_PREPROCESSOR_DEFINITIONS = (
					"DEBUG=1",
					"$(inherited)",
				);
				GCC_WARN_64_TO_32_BIT_CONVERSION = YES;
				GCC_WARN_ABOUT_RETURN_TYPE = YES_ERROR;
				GCC_WARN_UNDECLARED_SELECTOR = YES;
				GCC_WARN_UNINITIALIZED_AUTOS = YES_AGGRESSIVE;
				GCC_WARN_UNUSED_FUNCTION = YES;
				GCC_WARN_UNUSED_VARIABLE = YES;
				IPHONEOS_DEPLOYMENT_TARGET = 14.5;
				MTL_ENABLE_DEBUG_INFO = INCLUDE_SOURCE;
				MTL_FAST_MATH = YES;
				ONLY_ACTIVE_ARCH = YES;
				SDKROOT = iphoneos;
				SWIFT_ACTIVE_COMPILATION_CONDITIONS = DEBUG;
				SWIFT_OPTIMIZATION_LEVEL = "-Onone";
			};
			name = Debug;
		};
		31D2A4BD265149B3005C9C8D /* Release */ = {
			isa = XCBuildConfiguration;
			buildSettings = {
				ALWAYS_SEARCH_USER_PATHS = NO;
				CLANG_ANALYZER_NONNULL = YES;
				CLANG_ANALYZER_NUMBER_OBJECT_CONVERSION = YES_AGGRESSIVE;
				CLANG_CXX_LANGUAGE_STANDARD = "gnu++14";
				CLANG_CXX_LIBRARY = "libc++";
				CLANG_ENABLE_MODULES = YES;
				CLANG_ENABLE_OBJC_ARC = YES;
				CLANG_ENABLE_OBJC_WEAK = YES;
				CLANG_WARN_BLOCK_CAPTURE_AUTORELEASING = YES;
				CLANG_WARN_BOOL_CONVERSION = YES;
				CLANG_WARN_COMMA = YES;
				CLANG_WARN_CONSTANT_CONVERSION = YES;
				CLANG_WARN_DEPRECATED_OBJC_IMPLEMENTATIONS = YES;
				CLANG_WARN_DIRECT_OBJC_ISA_USAGE = YES_ERROR;
				CLANG_WARN_DOCUMENTATION_COMMENTS = YES;
				CLANG_WARN_EMPTY_BODY = YES;
				CLANG_WARN_ENUM_CONVERSION = YES;
				CLANG_WARN_INFINITE_RECURSION = YES;
				CLANG_WARN_INT_CONVERSION = YES;
				CLANG_WARN_NON_LITERAL_NULL_CONVERSION = YES;
				CLANG_WARN_OBJC_IMPLICIT_RETAIN_SELF = YES;
				CLANG_WARN_OBJC_LITERAL_CONVERSION = YES;
				CLANG_WARN_OBJC_ROOT_CLASS = YES_ERROR;
				CLANG_WARN_QUOTED_INCLUDE_IN_FRAMEWORK_HEADER = YES;
				CLANG_WARN_RANGE_LOOP_ANALYSIS = YES;
				CLANG_WARN_STRICT_PROTOTYPES = YES;
				CLANG_WARN_SUSPICIOUS_MOVE = YES;
				CLANG_WARN_UNGUARDED_AVAILABILITY = YES_AGGRESSIVE;
				CLANG_WARN_UNREACHABLE_CODE = YES;
				CLANG_WARN__DUPLICATE_METHOD_MATCH = YES;
				COPY_PHASE_STRIP = NO;
				DEBUG_INFORMATION_FORMAT = "dwarf-with-dsym";
				ENABLE_NS_ASSERTIONS = NO;
				ENABLE_STRICT_OBJC_MSGSEND = YES;
				GCC_C_LANGUAGE_STANDARD = gnu11;
				GCC_NO_COMMON_BLOCKS = YES;
				GCC_WARN_64_TO_32_BIT_CONVERSION = YES;
				GCC_WARN_ABOUT_RETURN_TYPE = YES_ERROR;
				GCC_WARN_UNDECLARED_SELECTOR = YES;
				GCC_WARN_UNINITIALIZED_AUTOS = YES_AGGRESSIVE;
				GCC_WARN_UNUSED_FUNCTION = YES;
				GCC_WARN_UNUSED_VARIABLE = YES;
				IPHONEOS_DEPLOYMENT_TARGET = 14.5;
				MTL_ENABLE_DEBUG_INFO = NO;
				MTL_FAST_MATH = YES;
				SDKROOT = iphoneos;
				SWIFT_COMPILATION_MODE = wholemodule;
				SWIFT_OPTIMIZATION_LEVEL = "-O";
				VALIDATE_PRODUCT = YES;
			};
			name = Release;
		};
		31D2A4BF265149B3005C9C8D /* Debug */ = {
			isa = XCBuildConfiguration;
			baseConfigurationReference = C75392590B90D1CBD42A17FE /* Pods-kudaGoSpb.debug.xcconfig */;
			buildSettings = {
				ASSETCATALOG_COMPILER_APPICON_NAME = AppIcon;
				ASSETCATALOG_COMPILER_GLOBAL_ACCENT_COLOR_NAME = AccentColor;
				CODE_SIGN_STYLE = Automatic;
				DEVELOPMENT_TEAM = V4L4C334L8;
				INFOPLIST_FILE = kudaGoSpb/Info.plist;
				LD_RUNPATH_SEARCH_PATHS = (
					"$(inherited)",
					"@executable_path/Frameworks",
				);
				PRODUCT_BUNDLE_IDENTIFIER = krazya.kudaGoSpb;
				PRODUCT_NAME = "$(TARGET_NAME)";
				SWIFT_VERSION = 5.0;
				TARGETED_DEVICE_FAMILY = "1,2";
			};
			name = Debug;
		};
		31D2A4C0265149B3005C9C8D /* Release */ = {
			isa = XCBuildConfiguration;
			baseConfigurationReference = A4D209BD74AEB8202EFFD115 /* Pods-kudaGoSpb.release.xcconfig */;
			buildSettings = {
				ASSETCATALOG_COMPILER_APPICON_NAME = AppIcon;
				ASSETCATALOG_COMPILER_GLOBAL_ACCENT_COLOR_NAME = AccentColor;
				CODE_SIGN_STYLE = Automatic;
				DEVELOPMENT_TEAM = V4L4C334L8;
				INFOPLIST_FILE = kudaGoSpb/Info.plist;
				LD_RUNPATH_SEARCH_PATHS = (
					"$(inherited)",
					"@executable_path/Frameworks",
				);
				PRODUCT_BUNDLE_IDENTIFIER = krazya.kudaGoSpb;
				PRODUCT_NAME = "$(TARGET_NAME)";
				SWIFT_VERSION = 5.0;
				TARGETED_DEVICE_FAMILY = "1,2";
			};
			name = Release;
		};
/* End XCBuildConfiguration section */

/* Begin XCConfigurationList section */
		31D2A4A5265149B1005C9C8D /* Build configuration list for PBXProject "kudaGoSpb" */ = {
			isa = XCConfigurationList;
			buildConfigurations = (
				31D2A4BC265149B3005C9C8D /* Debug */,
				31D2A4BD265149B3005C9C8D /* Release */,
			);
			defaultConfigurationIsVisible = 0;
			defaultConfigurationName = Release;
		};
		31D2A4BE265149B3005C9C8D /* Build configuration list for PBXNativeTarget "kudaGoSpb" */ = {
			isa = XCConfigurationList;
			buildConfigurations = (
				31D2A4BF265149B3005C9C8D /* Debug */,
				31D2A4C0265149B3005C9C8D /* Release */,
			);
			defaultConfigurationIsVisible = 0;
			defaultConfigurationName = Release;
		};
/* End XCConfigurationList section */
	};
	rootObject = 31D2A4A2265149B1005C9C8D /* Project object */;
}
